
Microsoft Visual Studio Solution File, Format Version 12.00
# Visual Studio Version 16
VisualStudioVersion = 16.0.29123.88
MinimumVisualStudioVersion = 10.0.40219.1
Project("{FAE04EC0-301F-11D3-BF4B-00C04F79EFBC}") = "Launcher", "Launcher.csproj", "{DAA27A2D-F72E-4BE1-9F94-2862561A30B4}"
EndProject
Global
	GlobalSection(SolutionConfigurationPlatforms) = preSolution
		Debug|Any CPU = Debug|Any CPU
		Release|Any CPU = Release|Any CPU
	EndGlobalSection
	GlobalSection(ProjectConfigurationPlatforms) = postSolution
		{DAA27A2D-F72E-4BE1-9F94-2862561A30B4}.Debug|Any CPU.ActiveCfg = Debug|Any CPU
		{DAA27A2D-F72E-4BE1-9F94-2862561A30B4}.Debug|Any CPU.Build.0 = Debug|Any CPU
		{DAA27A2D-F72E-4BE1-9F94-2862561A30B4}.Release|Any CPU.ActiveCfg = Release|Any CPU
		{DAA27A2D-F72E-4BE1-9F94-2862561A30B4}.Release|Any CPU.Build.0 = Release|Any CPU
	EndGlobalSection
	GlobalSection(SolutionProperties) = preSolution
		HideSolutionNode = FALSE
	EndGlobalSection
	GlobalSection(ExtensibilityGlobals) = postSolution
		SolutionGuid = {78A71316-17EE-4C9D-90B7-2A3ED6758A0E}
	EndGlobalSection
EndGlobal
